# THIS IS AN AUTOGENERATED FILE. DO NOT EDIT THIS FILE DIRECTLY.
# yarn lockfile v1


commander@^11.1.0:
  version "11.1.0"
  resolved "https://registry.yarnpkg.com/commander/-/commander-11.1.0.tgz#62fdce76006a68e5c1ab3314dc92e800eb83d906"
  integrity sha512-yPVavfyCcRhmorC7rWlkHn15b4wDVgVmBA7kV4QVBsF7kv/9TKJAbAXVTxvTnwP8HHKjRCJDClKbciiYS7p0DQ==

dotenv@16.0.3:
  version "16.0.3"
  resolved "https://registry.yarnpkg.com/dotenv/-/dotenv-16.0.3.tgz#115aec42bac5053db3c456db30cc243a5a836a07"
  integrity sha512-7GO6HghkA5fYG9TYnNxi14/7K9f5occMlp3zXAuSxn7CKCxt9xbNWG7yF8hTCSUchlfWSe3uLmlPfigevRItzQ==

dotenv@^16.3.1:
  version "16.3.1"
  resolved "https://registry.yarnpkg.com/dotenv/-/dotenv-16.3.1.tgz#369034de7d7e5b120972693352a3bf112172cc3e"
  integrity sha512-IPzF4w4/Rd94bA9imS68tZBaYyBWSCE47V1RGuMrB94iyTOIEwRmVL2x/4An+6mETpLrKJ5hQkB8W4kFAadeIQ==

drizzle-orm@^0.29.1:
  version "0.29.1"
  resolved "https://registry.yarnpkg.com/drizzle-orm/-/drizzle-orm-0.29.1.tgz#0c93efed19718a851d97d23d9ff2dd8b788faf2d"
  integrity sha512-yItc4unfHnk8XkDD3/bdC63vdboTY7e7I03lCF1OJYABXSIfQYU9BFTQJXMMovVeb3T1/OJWwfW/70T1XPnuUA==

eslint-config-turbo@^1.10.12:
  version "1.11.2"
  resolved "https://registry.yarnpkg.com/eslint-config-turbo/-/eslint-config-turbo-1.11.2.tgz#8e6c456f58e88ecc9adface9c5e03fa782e8bba5"
  integrity sha512-vqbyCH6kCHFoIAWUmGL61c0BfUQNz0XAl2RzAnEkSQ+PLXvEvuV2HsvL51UOzyyElfJlzZuh9T4BvUqb5KR9Eg==
  dependencies:
    eslint-plugin-turbo "1.11.2"

eslint-plugin-turbo@1.11.2:
  version "1.11.2"
  resolved "https://registry.yarnpkg.com/eslint-plugin-turbo/-/eslint-plugin-turbo-1.11.2.tgz#7bb450cced51d35369a678114c2ee9882937adc5"
  integrity sha512-U6DX+WvgGFiwEAqtOjm4Ejd9O4jsw8jlFNkQi0ywxbMnbiTie+exF4Z0F/B1ajtjjeZkBkgRnlU+UkoraBN+bw==
  dependencies:
    dotenv "16.0.3"

postgres@^3.4.3:
  version "3.4.3"
  resolved "https://registry.yarnpkg.com/postgres/-/postgres-3.4.3.tgz#52a0712cd6c2dae5e9f8c35b5c7b33434caa66ed"
  integrity sha512-iHJn4+M9vbTdHSdDzNkC0crHq+1CUdFhx+YqCE+SqWxPjm+Zu63jq7yZborOBF64c8pc58O5uMudyL1FQcHacA==

typescript@^4.5.3:
  version "4.9.5"
  resolved "https://registry.yarnpkg.com/typescript/-/typescript-4.9.5.tgz#095979f9bcc0d09da324d58d03ce8f8374cbe65a"
  integrity sha512-1FXk9E2Hm+QzZQ7z+McJiHL4NW1F2EzMu9Nq9i3zAaGqibafqYwCVU6WyWAuyQRRzOlxou8xZSyXLEN8oKj24g==
